// !$*UTF8*$!
{
	archiveVersion = 1;
	classes = {
	};
	objectVersion = 46;
	objects = {

/* Begin PBXBuildFile section */
		B30014061AE4407500D9C8CE /* armrobot_planning.cpp in Sources */ = {isa = PBXBuildFile; fileRef = B30014041AE4407500D9C8CE /* armrobot_planning.cpp */; };
		B30014151AE44EE100D9C8CE /* OpenGL.framework in Frameworks */ = {isa = PBXBuildFile; fileRef = B30014141AE44EE100D9C8CE /* OpenGL.framework */; };
		B30014171AE44EE500D9C8CE /* GLUT.framework in Frameworks */ = {isa = PBXBuildFile; fileRef = B30014161AE44EE500D9C8CE /* GLUT.framework */; };
		B31C996F1B00012300AB4521 /* Planner.cpp in Sources */ = {isa = PBXBuildFile; fileRef = B31C996D1B00012300AB4521 /* Planner.cpp */; };
		FDA622471AEEC1D200772004 /* OpenGL.framework in Frameworks */ = {isa = PBXBuildFile; fileRef = B30014141AE44EE100D9C8CE /* OpenGL.framework */; };
		FDA622481AEEC1D600772004 /* GLUT.framework in Frameworks */ = {isa = PBXBuildFile; fileRef = B30014161AE44EE500D9C8CE /* GLUT.framework */; };
		FDA622491AEEC1E100772004 /* 3armrobot_planning.cpp in Sources */ = {isa = PBXBuildFile; fileRef = FDA622391AEEC0DB00772004 /* 3armrobot_planning.cpp */; };
/* End PBXBuildFile section */

/* Begin PBXCopyFilesBuildPhase section */
		B3E678831AE4379100A0D287 /* CopyFiles */ = {
			isa = PBXCopyFilesBuildPhase;
			buildActionMask = 2147483647;
			dstPath = /usr/share/man/man1/;
			dstSubfolderSpec = 0;
			files = (
			);
			runOnlyForDeploymentPostprocessing = 1;
		};
		FDA6223E1AEEC1BD00772004 /* CopyFiles */ = {
			isa = PBXCopyFilesBuildPhase;
			buildActionMask = 2147483647;
			dstPath = /usr/share/man/man1/;
			dstSubfolderSpec = 0;
			files = (
			);
			runOnlyForDeploymentPostprocessing = 1;
		};
/* End PBXCopyFilesBuildPhase section */

/* Begin PBXFileReference section */
		B30013ED1AE43AB100D9C8CE /* geoND.h */ = {isa = PBXFileReference; fileEncoding = 4; lastKnownFileType = sourcecode.c.h; path = geoND.h; sourceTree = "<group>"; };
		B30013F81AE43D7000D9C8CE /* geometry.h */ = {isa = PBXFileReference; fileEncoding = 4; lastKnownFileType = sourcecode.c.h; path = geometry.h; sourceTree = "<group>"; };
		B30013F91AE43D7000D9C8CE /* GJK_utility.h */ = {isa = PBXFileReference; fileEncoding = 4; lastKnownFileType = sourcecode.c.h; path = GJK_utility.h; sourceTree = "<group>"; };
		B30013FA1AE43D7000D9C8CE /* polygon.h */ = {isa = PBXFileReference; fileEncoding = 4; lastKnownFileType = sourcecode.c.h; path = polygon.h; sourceTree = "<group>"; };
		B30013FB1AE43D7000D9C8CE /* render.h */ = {isa = PBXFileReference; fileEncoding = 4; lastKnownFileType = sourcecode.c.h; path = render.h; sourceTree = "<group>"; };
		B30013FF1AE43E1200D9C8CE /* cspace_scanner.h */ = {isa = PBXFileReference; fileEncoding = 4; lastKnownFileType = sourcecode.c.h; path = cspace_scanner.h; sourceTree = "<group>"; };
		B30014001AE43E1200D9C8CE /* obstacles.h */ = {isa = PBXFileReference; fileEncoding = 4; lastKnownFileType = sourcecode.c.h; path = obstacles.h; sourceTree = "<group>"; };
		B30014041AE4407500D9C8CE /* armrobot_planning.cpp */ = {isa = PBXFileReference; fileEncoding = 4; lastKnownFileType = sourcecode.cpp.cpp; path = armrobot_planning.cpp; sourceTree = "<group>"; };
		B30014051AE4407500D9C8CE /* armrobot.cpp */ = {isa = PBXFileReference; fileEncoding = 4; lastKnownFileType = sourcecode.cpp.cpp; path = armrobot.cpp; sourceTree = "<group>"; };
		B30014081AE4408E00D9C8CE /* armrobot.h */ = {isa = PBXFileReference; fileEncoding = 4; lastKnownFileType = sourcecode.c.h; path = armrobot.h; sourceTree = "<group>"; };
		B30014091AE4467F00D9C8CE /* cspace_decomposer.cpp */ = {isa = PBXFileReference; fileEncoding = 4; lastKnownFileType = sourcecode.cpp.cpp; path = cspace_decomposer.cpp; sourceTree = "<group>"; };
		B300140A1AE4467F00D9C8CE /* cspace_decomposer.h */ = {isa = PBXFileReference; fileEncoding = 4; lastKnownFileType = sourcecode.c.h; path = cspace_decomposer.h; sourceTree = "<group>"; };
		B300140B1AE4467F00D9C8CE /* file_reader.h */ = {isa = PBXFileReference; fileEncoding = 4; lastKnownFileType = sourcecode.c.h; path = file_reader.h; sourceTree = "<group>"; };
		B30014131AE449BE00D9C8CE /* robot.h */ = {isa = PBXFileReference; lastKnownFileType = sourcecode.c.h; path = robot.h; sourceTree = "<group>"; };
		B30014141AE44EE100D9C8CE /* OpenGL.framework */ = {isa = PBXFileReference; lastKnownFileType = wrapper.framework; name = OpenGL.framework; path = System/Library/Frameworks/OpenGL.framework; sourceTree = SDKROOT; };
		B30014161AE44EE500D9C8CE /* GLUT.framework */ = {isa = PBXFileReference; lastKnownFileType = wrapper.framework; name = GLUT.framework; path = System/Library/Frameworks/GLUT.framework; sourceTree = SDKROOT; };
		B30014181AE5928700D9C8CE /* cell_analysis.h */ = {isa = PBXFileReference; lastKnownFileType = sourcecode.c.h; path = cell_analysis.h; sourceTree = "<group>"; };
		B30014191AE599E900D9C8CE /* priority_queue.h */ = {isa = PBXFileReference; lastKnownFileType = sourcecode.c.h; path = priority_queue.h; sourceTree = "<group>"; };
		B31C996D1B00012300AB4521 /* Planner.cpp */ = {isa = PBXFileReference; fileEncoding = 4; lastKnownFileType = sourcecode.cpp.cpp; path = Planner.cpp; sourceTree = "<group>"; };
		B31C996E1B00012300AB4521 /* Planner.h */ = {isa = PBXFileReference; fileEncoding = 4; lastKnownFileType = sourcecode.c.h; path = Planner.h; sourceTree = "<group>"; };
		B3E678851AE4379100A0D287 /* MetricCells */ = {isa = PBXFileReference; explicitFileType = "compiled.mach-o.executable"; includeInIndex = 0; path = MetricCells; sourceTree = BUILT_PRODUCTS_DIR; };
		FD841DC01AE5E33D0027DE00 /* PRM.h */ = {isa = PBXFileReference; lastKnownFileType = sourcecode.c.h; path = PRM.h; sourceTree = "<group>"; };
		FDA622391AEEC0DB00772004 /* 3armrobot_planning.cpp */ = {isa = PBXFileReference; fileEncoding = 4; lastKnownFileType = sourcecode.cpp.cpp; path = 3armrobot_planning.cpp; sourceTree = "<group>"; };
		FDA622401AEEC1BD00772004 /* 3RRobot */ = {isa = PBXFileReference; explicitFileType = "compiled.mach-o.executable"; includeInIndex = 0; path = 3RRobot; sourceTree = BUILT_PRODUCTS_DIR; };
/* End PBXFileReference section */

/* Begin PBXFrameworksBuildPhase section */
		B3E678821AE4379100A0D287 /* Frameworks */ = {
			isa = PBXFrameworksBuildPhase;
			buildActionMask = 2147483647;
			files = (
				B30014171AE44EE500D9C8CE /* GLUT.framework in Frameworks */,
				B30014151AE44EE100D9C8CE /* OpenGL.framework in Frameworks */,
			);
			runOnlyForDeploymentPostprocessing = 0;
		};
		FDA6223D1AEEC1BD00772004 /* Frameworks */ = {
			isa = PBXFrameworksBuildPhase;
			buildActionMask = 2147483647;
			files = (
				FDA622481AEEC1D600772004 /* GLUT.framework in Frameworks */,
				FDA622471AEEC1D200772004 /* OpenGL.framework in Frameworks */,
			);
			runOnlyForDeploymentPostprocessing = 0;
		};
/* End PBXFrameworksBuildPhase section */

/* Begin PBXGroup section */
		B30013E81AE43A9C00D9C8CE /* scenarios */ = {
			isa = PBXGroup;
			children = (
				B30014081AE4408E00D9C8CE /* armrobot.h */,
				B30014051AE4407500D9C8CE /* armrobot.cpp */,
				B30014041AE4407500D9C8CE /* armrobot_planning.cpp */,
				FDA622391AEEC0DB00772004 /* 3armrobot_planning.cpp */,
			);
			path = scenarios;
			sourceTree = SOURCE_ROOT;
		};
		B30013E91AE43AB100D9C8CE /* basics */ = {
			isa = PBXGroup;
			children = (
				B30013EA1AE43AB100D9C8CE /* algorithms */,
				B30013EB1AE43AB100D9C8CE /* data_structures */,
				B30013EC1AE43AB100D9C8CE /* math */,
				B30013F41AE43AB100D9C8CE /* robotics */,
			);
			path = basics;
			sourceTree = SOURCE_ROOT;
		};
		B30013EA1AE43AB100D9C8CE /* algorithms */ = {
			isa = PBXGroup;
			children = (
				B31C996D1B00012300AB4521 /* Planner.cpp */,
				B31C996E1B00012300AB4521 /* Planner.h */,
				B30014091AE4467F00D9C8CE /* cspace_decomposer.cpp */,
				B300140A1AE4467F00D9C8CE /* cspace_decomposer.h */,
				B300140B1AE4467F00D9C8CE /* file_reader.h */,
				B30014181AE5928700D9C8CE /* cell_analysis.h */,
				B30014191AE599E900D9C8CE /* priority_queue.h */,
				FD841DC01AE5E33D0027DE00 /* PRM.h */,
			);
			path = algorithms;
			sourceTree = "<group>";
		};
		B30013EB1AE43AB100D9C8CE /* data_structures */ = {
			isa = PBXGroup;
			children = (
			);
			path = data_structures;
			sourceTree = "<group>";
		};
		B30013EC1AE43AB100D9C8CE /* math */ = {
			isa = PBXGroup;
			children = (
				B30013F71AE43D7000D9C8CE /* Naive2D */,
				B30013ED1AE43AB100D9C8CE /* geoND.h */,
			);
			path = math;
			sourceTree = "<group>";
		};
		B30013F41AE43AB100D9C8CE /* robotics */ = {
			isa = PBXGroup;
			children = (
				B30013FF1AE43E1200D9C8CE /* cspace_scanner.h */,
				B30014001AE43E1200D9C8CE /* obstacles.h */,
				B30014131AE449BE00D9C8CE /* robot.h */,
			);
			path = robotics;
			sourceTree = "<group>";
		};
		B30013F71AE43D7000D9C8CE /* Naive2D */ = {
			isa = PBXGroup;
			children = (
				B30013F81AE43D7000D9C8CE /* geometry.h */,
				B30013F91AE43D7000D9C8CE /* GJK_utility.h */,
				B30013FA1AE43D7000D9C8CE /* polygon.h */,
				B30013FB1AE43D7000D9C8CE /* render.h */,
			);
			path = Naive2D;
			sourceTree = "<group>";
		};
		B3E6787C1AE4379100A0D287 = {
			isa = PBXGroup;
			children = (
				B30014161AE44EE500D9C8CE /* GLUT.framework */,
				B30014141AE44EE100D9C8CE /* OpenGL.framework */,
				B3E678871AE4379100A0D287 /* MetricCells */,
				FDA622411AEEC1BD00772004 /* 3RRobot */,
				B3E678861AE4379100A0D287 /* Products */,
			);
			sourceTree = "<group>";
		};
		B3E678861AE4379100A0D287 /* Products */ = {
			isa = PBXGroup;
			children = (
				B3E678851AE4379100A0D287 /* MetricCells */,
				FDA622401AEEC1BD00772004 /* 3RRobot */,
			);
			name = Products;
			sourceTree = "<group>";
		};
		B3E678871AE4379100A0D287 /* MetricCells */ = {
			isa = PBXGroup;
			children = (
				B30013E81AE43A9C00D9C8CE /* scenarios */,
				B30013E91AE43AB100D9C8CE /* basics */,
			);
			path = MetricCells;
			sourceTree = "<group>";
		};
		FDA622411AEEC1BD00772004 /* 3RRobot */ = {
			isa = PBXGroup;
			children = (
			);
			path = 3RRobot;
			sourceTree = "<group>";
		};
/* End PBXGroup section */

/* Begin PBXNativeTarget section */
		B3E678841AE4379100A0D287 /* MetricCells */ = {
			isa = PBXNativeTarget;
			buildConfigurationList = B3E6788C1AE4379100A0D287 /* Build configuration list for PBXNativeTarget "MetricCells" */;
			buildPhases = (
				B3E678811AE4379100A0D287 /* Sources */,
				B3E678821AE4379100A0D287 /* Frameworks */,
				B3E678831AE4379100A0D287 /* CopyFiles */,
			);
			buildRules = (
			);
			dependencies = (
			);
			name = MetricCells;
			productName = MetricCells;
			productReference = B3E678851AE4379100A0D287 /* MetricCells */;
			productType = "com.apple.product-type.tool";
		};
		FDA6223F1AEEC1BD00772004 /* 3RRobot */ = {
			isa = PBXNativeTarget;
			buildConfigurationList = FDA622441AEEC1BD00772004 /* Build configuration list for PBXNativeTarget "3RRobot" */;
			buildPhases = (
				FDA6223C1AEEC1BD00772004 /* Sources */,
				FDA6223D1AEEC1BD00772004 /* Frameworks */,
				FDA6223E1AEEC1BD00772004 /* CopyFiles */,
			);
			buildRules = (
			);
			dependencies = (
			);
			name = 3RRobot;
			productName = 3RRobot;
			productReference = FDA622401AEEC1BD00772004 /* 3RRobot */;
			productType = "com.apple.product-type.tool";
		};
/* End PBXNativeTarget section */

/* Begin PBXProject section */
		B3E6787D1AE4379100A0D287 /* Project object */ = {
			isa = PBXProject;
			attributes = {
				LastUpgradeCheck = 0630;
				ORGANIZATIONNAME = "Yinan Zhang";
				TargetAttributes = {
					B3E678841AE4379100A0D287 = {
						CreatedOnToolsVersion = 6.3;
					};
					FDA6223F1AEEC1BD00772004 = {
						CreatedOnToolsVersion = 6.3.1;
					};
				};
			};
			buildConfigurationList = B3E678801AE4379100A0D287 /* Build configuration list for PBXProject "MetricCells" */;
			compatibilityVersion = "Xcode 3.2";
			developmentRegion = English;
			hasScannedForEncodings = 0;
			knownRegions = (
				en,
			);
			mainGroup = B3E6787C1AE4379100A0D287;
			productRefGroup = B3E678861AE4379100A0D287 /* Products */;
			projectDirPath = "";
			projectRoot = "";
			targets = (
				B3E678841AE4379100A0D287 /* MetricCells */,
				FDA6223F1AEEC1BD00772004 /* 3RRobot */,
			);
		};
/* End PBXProject section */

/* Begin PBXSourcesBuildPhase section */
		B3E678811AE4379100A0D287 /* Sources */ = {
			isa = PBXSourcesBuildPhase;
			buildActionMask = 2147483647;
			files = (
				B31C996F1B00012300AB4521 /* Planner.cpp in Sources */,
				B30014061AE4407500D9C8CE /* armrobot_planning.cpp in Sources */,
			);
			runOnlyForDeploymentPostprocessing = 0;
		};
		FDA6223C1AEEC1BD00772004 /* Sources */ = {
			isa = PBXSourcesBuildPhase;
			buildActionMask = 2147483647;
			files = (
				FDA622491AEEC1E100772004 /* 3armrobot_planning.cpp in Sources */,
			);
			runOnlyForDeploymentPostprocessing = 0;
		};
/* End PBXSourcesBuildPhase section */

/* Begin XCBuildConfiguration section */
		B3E6788A1AE4379100A0D287 /* Debug */ = {
			isa = XCBuildConfiguration;
			buildSettings = {
				ALWAYS_SEARCH_USER_PATHS = NO;
				CLANG_CXX_LANGUAGE_STANDARD = "gnu++0x";
				CLANG_CXX_LIBRARY = "libc++";
				CLANG_ENABLE_MODULES = YES;
				CLANG_ENABLE_OBJC_ARC = YES;
				CLANG_WARN_BOOL_CONVERSION = YES;
				CLANG_WARN_CONSTANT_CONVERSION = YES;
				CLANG_WARN_DIRECT_OBJC_ISA_USAGE = YES_ERROR;
				CLANG_WARN_EMPTY_BODY = YES;
				CLANG_WARN_ENUM_CONVERSION = YES;
				CLANG_WARN_INT_CONVERSION = YES;
				CLANG_WARN_OBJC_ROOT_CLASS = YES_ERROR;
				CLANG_WARN_UNREACHABLE_CODE = YES;
				CLANG_WARN__DUPLICATE_METHOD_MATCH = YES;
				COPY_PHASE_STRIP = NO;
				DEBUG_INFORMATION_FORMAT = dwarf;
				ENABLE_STRICT_OBJC_MSGSEND = YES;
				GCC_C_LANGUAGE_STANDARD = gnu99;
				GCC_DYNAMIC_NO_PIC = NO;
				GCC_NO_COMMON_BLOCKS = YES;
				GCC_OPTIMIZATION_LEVEL = 0;
				GCC_PREPROCESSOR_DEFINITIONS = (
					"DEBUG=1",
					"$(inherited)",
				);
				GCC_SYMBOLS_PRIVATE_EXTERN = NO;
				GCC_WARN_64_TO_32_BIT_CONVERSION = YES;
				GCC_WARN_ABOUT_RETURN_TYPE = YES_ERROR;
				GCC_WARN_UNDECLARED_SELECTOR = YES;
				GCC_WARN_UNINITIALIZED_AUTOS = YES_AGGRESSIVE;
				GCC_WARN_UNUSED_FUNCTION = YES;
				GCC_WARN_UNUSED_VARIABLE = YES;
				MACOSX_DEPLOYMENT_TARGET = 10.10;
				MTL_ENABLE_DEBUG_INFO = YES;
				ONLY_ACTIVE_ARCH = YES;
				SDKROOT = macosx;
			};
			name = Debug;
		};
		B3E6788B1AE4379100A0D287 /* Release */ = {
			isa = XCBuildConfiguration;
			buildSettings = {
				ALWAYS_SEARCH_USER_PATHS = NO;
				CLANG_CXX_LANGUAGE_STANDARD = "gnu++0x";
				CLANG_CXX_LIBRARY = "libc++";
				CLANG_ENABLE_MODULES = YES;
				CLANG_ENABLE_OBJC_ARC = YES;
				CLANG_WARN_BOOL_CONVERSION = YES;
				CLANG_WARN_CONSTANT_CONVERSION = YES;
				CLANG_WARN_DIRECT_OBJC_ISA_USAGE = YES_ERROR;
				CLANG_WARN_EMPTY_BODY = YES;
				CLANG_WARN_ENUM_CONVERSION = YES;
				CLANG_WARN_INT_CONVERSION = YES;
				CLANG_WARN_OBJC_ROOT_CLASS = YES_ERROR;
				CLANG_WARN_UNREACHABLE_CODE = YES;
				CLANG_WARN__DUPLICATE_METHOD_MATCH = YES;
				COPY_PHASE_STRIP = NO;
				DEBUG_INFORMATION_FORMAT = "dwarf-with-dsym";
				ENABLE_NS_ASSERTIONS = NO;
				ENABLE_STRICT_OBJC_MSGSEND = YES;
				GCC_C_LANGUAGE_STANDARD = gnu99;
				GCC_NO_COMMON_BLOCKS = YES;
				GCC_WARN_64_TO_32_BIT_CONVERSION = YES;
				GCC_WARN_ABOUT_RETURN_TYPE = YES_ERROR;
				GCC_WARN_UNDECLARED_SELECTOR = YES;
				GCC_WARN_UNINITIALIZED_AUTOS = YES_AGGRESSIVE;
				GCC_WARN_UNUSED_FUNCTION = YES;
				GCC_WARN_UNUSED_VARIABLE = YES;
				MACOSX_DEPLOYMENT_TARGET = 10.10;
				MTL_ENABLE_DEBUG_INFO = NO;
				SDKROOT = macosx;
			};
			name = Release;
		};
		B3E6788D1AE4379100A0D287 /* Debug */ = {
			isa = XCBuildConfiguration;
			buildSettings = {
				PRODUCT_NAME = "$(TARGET_NAME)";
			};
			name = Debug;
		};
		B3E6788E1AE4379100A0D287 /* Release */ = {
			isa = XCBuildConfiguration;
			buildSettings = {
				PRODUCT_NAME = "$(TARGET_NAME)";
			};
			name = Release;
		};
		FDA622451AEEC1BD00772004 /* Debug */ = {
			isa = XCBuildConfiguration;
			buildSettings = {
				GCC_PREPROCESSOR_DEFINITIONS = (
					"DEBUG=1",
					"$(inherited)",
				);
				PRODUCT_NAME = "$(TARGET_NAME)";
			};
			name = Debug;
		};
		FDA622461AEEC1BD00772004 /* Release */ = {
			isa = XCBuildConfiguration;
			buildSettings = {
				PRODUCT_NAME = "$(TARGET_NAME)";
			};
			name = Release;
		};
/* End XCBuildConfiguration section */

/* Begin XCConfigurationList section */
		B3E678801AE4379100A0D287 /* Build configuration list for PBXProject "MetricCells" */ = {
			isa = XCConfigurationList;
			buildConfigurations = (
				B3E6788A1AE4379100A0D287 /* Debug */,
				B3E6788B1AE4379100A0D287 /* Release */,
			);
			defaultConfigurationIsVisible = 0;
			defaultConfigurationName = Release;
		};
		B3E6788C1AE4379100A0D287 /* Build configuration list for PBXNativeTarget "MetricCells" */ = {
			isa = XCConfigurationList;
			buildConfigurations = (
				B3E6788D1AE4379100A0D287 /* Debug */,
				B3E6788E1AE4379100A0D287 /* Release */,
			);
			defaultConfigurationIsVisible = 0;
			defaultConfigurationName = Release;
		};
		FDA622441AEEC1BD00772004 /* Build configuration list for PBXNativeTarget "3RRobot" */ = {
			isa = XCConfigurationList;
			buildConfigurations = (
				FDA622451AEEC1BD00772004 /* Debug */,
				FDA622461AEEC1BD00772004 /* Release */,
			);
			defaultConfigurationIsVisible = 0;
			defaultConfigurationName = Release;
		};
/* End XCConfigurationList section */
	};
	rootObject = B3E6787D1AE4379100A0D287 /* Project object */;
}
